
Microsoft Visual Studio Solution File, Format Version 12.00
# Visual Studio Version 16
VisualStudioVersion = 16.0.33027.164
MinimumVisualStudioVersion = 10.0.40219.1
Project("{00D1A9C2-B5F0-4AF3-8072-F6C62B433612}") = "ldw01", "ldw01.sqlproj", "{9FF134C6-B02F-4B66-B115-132D266677B3}"
EndProject
Global
	GlobalSection(SolutionConfigurationPlatforms) = preSolution
		Debug|Any CPU = Debug|Any CPU
		Release|Any CPU = Release|Any CPU
	EndGlobalSection
	GlobalSection(ProjectConfigurationPlatforms) = postSolution
		{9FF134C6-B02F-4B66-B115-132D266677B3}.Debug|Any CPU.ActiveCfg = Debug|Any CPU
		{9FF134C6-B02F-4B66-B115-132D266677B3}.Debug|Any CPU.Build.0 = Debug|Any CPU
		{9FF134C6-B02F-4B66-B115-132D266677B3}.Debug|Any CPU.Deploy.0 = Debug|Any CPU
		{9FF134C6-B02F-4B66-B115-132D266677B3}.Release|Any CPU.ActiveCfg = Release|Any CPU
		{9FF134C6-B02F-4B66-B115-132D266677B3}.Release|Any CPU.Build.0 = Release|Any CPU
		{9FF134C6-B02F-4B66-B115-132D266677B3}.Release|Any CPU.Deploy.0 = Release|Any CPU
	EndGlobalSection
	GlobalSection(SolutionProperties) = preSolution
		HideSolutionNode = FALSE
	EndGlobalSection
	GlobalSection(ExtensibilityGlobals) = postSolution
		SolutionGuid = {E2C87A4C-7D81-4B91-AD05-F0FDFFE7271F}
	EndGlobalSection
EndGlobal
